# This file is automatically @generated by Poetry 2.2.1 and should not be changed by hand.

[[package]]
name = "bump2version"
version = "1.0.1"
description = "Version-bump your software with a single command!"
optional = false
python-versions = ">=3.5"
groups = ["dev"]
files = [
    {file = "bump2version-1.0.1-py2.py3-none-any.whl", hash = "sha256:37f927ea17cde7ae2d7baf832f8e80ce3777624554a653006c9144f8017fe410"},
    {file = "bump2version-1.0.1.tar.gz", hash = "sha256:762cb2bfad61f4ec8e2bdf452c7c267416f8c70dd9ecb1653fd0bbb01fa936e6"},
]

[[package]]
name = "bumpversion"
version = "0.6.0"
description = "Version-bump your software with a single command!"
optional = false
python-versions = "*"
groups = ["dev"]
files = [
    {file = "bumpversion-0.6.0-py2.py3-none-any.whl", hash = "sha256:4eb3267a38194d09f048a2179980bb4803701969bff2c85fa8f6d1ce050be15e"},
    {file = "bumpversion-0.6.0.tar.gz", hash = "sha256:4ba55e4080d373f80177b4dabef146c07ce73c7d1377aabf9d3c3ae1f94584a6"},
]

[package.dependencies]
bump2version = "*"

[[package]]
name = "googleapis-common-protos"
version = "1.53.0"
description = "Common protobufs used in Google APIs"
optional = false
python-versions = ">=3.6"
groups = ["dev"]
files = [
    {file = "googleapis-common-protos-1.53.0.tar.gz", hash = "sha256:a88ee8903aa0a81f6c3cec2d5cf62d3c8aa67c06439b0496b49048fb1854ebf4"},
    {file = "googleapis_common_protos-1.53.0-py2.py3-none-any.whl", hash = "sha256:f6d561ab8fb16b30020b940e2dd01cd80082f4762fa9f3ee670f4419b4b8dbd0"},
]

[package.dependencies]
protobuf = ">=3.12.0"

[package.extras]
grpc = ["grpcio (>=1.0.0)"]

[[package]]
name = "grpcio"
version = "1.53.2"
description = "HTTP/2-based RPC framework"
optional = false
python-versions = ">=3.7"
groups = ["main", "dev"]
files = [
    {file = "grpcio-1.53.2-cp310-cp310-linux_armv7l.whl", hash = "sha256:18afdda2bbe0c615da4daff754cab0df9bbd859c415d85e7e741a2975b3208b4"},
    {file = "grpcio-1.53.2-cp310-cp310-macosx_12_0_universal2.whl", hash = "sha256:33f7678287ac330c94e25f96cdb951e0861e206115ba4d8ea66cf6546b1a09d0"},
    {file = "grpcio-1.53.2-cp310-cp310-manylinux_2_17_aarch64.whl", hash = "sha256:1af074f28a56425e4f4d99761708981543a27ae963f5b4b0a36ff71f3483479d"},
    {file = "grpcio-1.53.2-cp310-cp310-manylinux_2_17_i686.manylinux2014_i686.whl", hash = "sha256:df07843c8c0dc71a56d3af3dfe19165fb0d3af7d3354a72185f6fa1b4ac05cab"},
    {file = "grpcio-1.53.2-cp310-cp310-manylinux_2_17_x86_64.manylinux2014_x86_64.whl", hash = "sha256:5b403c4ad22f3ba37c7720547d8888a1e4b74ad980a94332bbbc50330b623abc"},
    {file = "grpcio-1.53.2-cp310-cp310-musllinux_1_1_i686.whl", hash = "sha256:6275a54b41d6b1ec539b019bc3affaf6d05b0a0ba36af1a65b8a2810ef69e07d"},
    {file = "grpcio-1.53.2-cp310-cp310-musllinux_1_1_x86_64.whl", hash = "sha256:0e92dc6a85cd1de42527812ef1276095e62169d002d86c888b6e889fcda1dd29"},
    {file = "grpcio-1.53.2-cp310-cp310-win32.whl", hash = "sha256:6be86e8d5cf47415968588e5dfbfb92ee8757fb41139584192b67050d1a72c58"},
    {file = "grpcio-1.53.2-cp310-cp310-win_amd64.whl", hash = "sha256:5b49f372df33f5f84865aef5d46cacd23180b586c80e8cbe0ce149b96dfa8c4c"},
    {file = "grpcio-1.53.2-cp311-cp311-linux_armv7l.whl", hash = "sha256:8166ac6671472d172cc0db50323b7a7504bd534de54aa31354465a00ca44409d"},
    {file = "grpcio-1.53.2-cp311-cp311-macosx_10_10_universal2.whl", hash = "sha256:f7e66d8b31ef2bada7029275debbe12c97397ec7ac70a659837a7b8a6a9dc916"},
    {file = "grpcio-1.53.2-cp311-cp311-manylinux_2_17_aarch64.whl", hash = "sha256:712113946b303db9ae4245a13de213710367850a6c3c53530b70e87989feb8e0"},
    {file = "grpcio-1.53.2-cp311-cp311-manylinux_2_17_i686.manylinux2014_i686.whl", hash = "sha256:f3761f9a6817e32898eaa5aecd0b0ad69d0c68ab45ea7bf206e8dc4548f025f0"},
    {file = "grpcio-1.53.2-cp311-cp311-manylinux_2_17_x86_64.manylinux2014_x86_64.whl", hash = "sha256:24c63592103fded38b258f1e520ba8b0a7a0bbc397cddd6520a1f74dc4b5dec0"},
    {file = "grpcio-1.53.2-cp311-cp311-musllinux_1_1_i686.whl", hash = "sha256:53d34cbf212f03634d74ba366d595b4a06a3b60fcc731eddbd6fd7ebe4acf981"},
    {file = "grpcio-1.53.2-cp311-cp311-musllinux_1_1_x86_64.whl", hash = "sha256:3b789472e9ef75d179295d0c6a1f7f0aefd08189cd1c822b068b0523365a1dbe"},
    {file = "grpcio-1.53.2-cp311-cp311-win32.whl", hash = "sha256:7b44ed75b9d67d17e5a098a0f99a8fd3e5861fd3c4eb54212277a0acdf298434"},
    {file = "grpcio-1.53.2-cp311-cp311-win_amd64.whl", hash = "sha256:1d1a320230e0d020880178b8eb453300bd57700b44c3744268370502e7376a9b"},
    {file = "grpcio-1.53.2-cp37-cp37m-linux_armv7l.whl", hash = "sha256:69e99fe6bdc2cdacd04cef6b6585b00630d958c98e36d825de3eea406e15fb31"},
    {file = "grpcio-1.53.2-cp37-cp37m-macosx_10_10_universal2.whl", hash = "sha256:590c7206f764cfe37a65003a75977358e20919ed488f970935f54efa2741b497"},
    {file = "grpcio-1.53.2-cp37-cp37m-manylinux_2_17_aarch64.whl", hash = "sha256:1fcced1abb13cdb6a5d8b105765d30212a6cb29ab0dfb01eedecf2ff6c84371b"},
    {file = "grpcio-1.53.2-cp37-cp37m-manylinux_2_17_i686.manylinux2014_i686.whl", hash = "sha256:07b83c06e7d113044cf3da15ca52f578c5f3dca299af711e9a589c1b71eb8be5"},
    {file = "grpcio-1.53.2-cp37-cp37m-manylinux_2_17_x86_64.manylinux2014_x86_64.whl", hash = "sha256:a3bee217bda6b2c81d9e2866f523217135a03a007a89043eee074e93d76706b0"},
    {file = "grpcio-1.53.2-cp37-cp37m-musllinux_1_1_i686.whl", hash = "sha256:9efbedc737ba342d8a2459afc9bd5c5df31adcdf774b772a4e663739f2cf0d06"},
    {file = "grpcio-1.53.2-cp37-cp37m-musllinux_1_1_x86_64.whl", hash = "sha256:0f76287d98ec79a38cba8292d0bdcd6ab9b9daf568dce1d53b9eb0135fc14d26"},
    {file = "grpcio-1.53.2-cp37-cp37m-win_amd64.whl", hash = "sha256:d406cf2f6ccf39883a24b048c448a37bac16939408c1b6fbb4d021f3cd961448"},
    {file = "grpcio-1.53.2-cp38-cp38-linux_armv7l.whl", hash = "sha256:f9f7c0dd17f24e1774cc3a8df738246772994e853c28b28ed6ba7711ccf0abb4"},
    {file = "grpcio-1.53.2-cp38-cp38-macosx_10_10_universal2.whl", hash = "sha256:f14a82d12d53eb93298c35edf88d8c3ef37243b95f94dd3c75fddcba575d34ab"},
    {file = "grpcio-1.53.2-cp38-cp38-manylinux_2_17_aarch64.whl", hash = "sha256:1deeb84bb344351434f999cea4704ac6f1e07b3d861e34c44b50d8afa06caaa1"},
    {file = "grpcio-1.53.2-cp38-cp38-manylinux_2_17_i686.manylinux2014_i686.whl", hash = "sha256:7cbf1e3aaec3edf734ef90182363a395d234cd4790544be914cedbe1b9fec99a"},
    {file = "grpcio-1.53.2-cp38-cp38-manylinux_2_17_x86_64.manylinux2014_x86_64.whl", hash = "sha256:7ea235cecb9df14b49a75cbd27a634683a96bb76576363407ec820ae454ce2b2"},
    {file = "grpcio-1.53.2-cp38-cp38-musllinux_1_1_i686.whl", hash = "sha256:1df931fbb4c36363d2cb985c2c26fda8f060b541a89c6c1191fdb59151a8c934"},
    {file = "grpcio-1.53.2-cp38-cp38-musllinux_1_1_x86_64.whl", hash = "sha256:7734d1b91f1f3b1f186debf8ec4d168ee088a54e8186c14d89a95f7e51d3198d"},
    {file = "grpcio-1.53.2-cp38-cp38-win32.whl", hash = "sha256:b16258a31269b97e26a08d71b5deb56499e86077d26e453fad8f6ec4c06fe666"},
    {file = "grpcio-1.53.2-cp38-cp38-win_amd64.whl", hash = "sha256:b676c4365a5753bc8c49f922a5f88bdb5df6746c670a9d859d2ba2f5f97d9269"},
    {file = "grpcio-1.53.2-cp39-cp39-linux_armv7l.whl", hash = "sha256:8fc7667564c8c15748354dea1bb4035c5118df4e9dc5154ccdb6e62a3e5a2bac"},
    {file = "grpcio-1.53.2-cp39-cp39-macosx_10_10_universal2.whl", hash = "sha256:80a8867746cff41c2db436dd9eea18ebbfcd0449d65b64b3ed3c995207898971"},
    {file = "grpcio-1.53.2-cp39-cp39-manylinux_2_17_aarch64.whl", hash = "sha256:431f864f2642a97d0aa8c6b606c307f03d22f919b1a226af90488426aed35809"},
    {file = "grpcio-1.53.2-cp39-cp39-manylinux_2_17_i686.manylinux2014_i686.whl", hash = "sha256:bea6a20c5a732a27b64623d43614b3022e6fcfc081a75236b7f9aa069d2eaa4d"},
    {file = "grpcio-1.53.2-cp39-cp39-manylinux_2_17_x86_64.manylinux2014_x86_64.whl", hash = "sha256:504af9e86ab01c9c33d8a452fe846aa931d024945f2e897537ccb8f7d76778ee"},
    {file = "grpcio-1.53.2-cp39-cp39-musllinux_1_1_i686.whl", hash = "sha256:2b4f5671f9e88b7f51f54adda37a23277b7fdebd1557c47543b3e8a8044dd510"},
    {file = "grpcio-1.53.2-cp39-cp39-musllinux_1_1_x86_64.whl", hash = "sha256:d9c51ca201326b49cfee38336c6e7dd1cb8a6b6d0dcf84aeaecbae310a736dbc"},
    {file = "grpcio-1.53.2-cp39-cp39-win32.whl", hash = "sha256:7e6885a8431939f1ee547e965fa3cb801a518b83d3d3509e90dbef78f0b5fd29"},
    {file = "grpcio-1.53.2-cp39-cp39-win_amd64.whl", hash = "sha256:ea84becb5cbd6a94a810c5214eb263ae57e915a9ed1bdcd5b4a6baf13d8c5177"},
    {file = "grpcio-1.53.2.tar.gz", hash = "sha256:0c9e42f2499c8603af1d88771dc97e2c6b0310c278337058fd7fd1ddb35ab853"},
]

[package.extras]
protobuf = ["grpcio-tools (>=1.53.2)"]

[[package]]
name = "grpcio-tools"
version = "1.36.1"
description = "Protobuf code generator for gRPC"
optional = false
python-versions = "*"
groups = ["dev"]
files = [
    {file = "grpcio-tools-1.36.1.tar.gz", hash = "sha256:80ef584f7b917f575e4b8f2ec59cd4a4d98c2046e801a735f3136b05742a36a6"},
    {file = "grpcio_tools-1.36.1-cp27-cp27m-macosx_10_10_x86_64.whl", hash = "sha256:ebbfdbff079bfc303a4e1d3da59302147d5cf4f1db2c412a074366149d93e89e"},
    {file = "grpcio_tools-1.36.1-cp27-cp27m-manylinux2010_i686.whl", hash = "sha256:d95dfefe156be02bcce4eb044ac7ff166c8a6c288d71bc3ed960d8b26bce2786"},
    {file = "grpcio_tools-1.36.1-cp27-cp27m-manylinux2010_x86_64.whl", hash = "sha256:7969915ac252d0e67f9cfd4f8b9d6bb546efc7b26bce34978a940e37ee4078d5"},
    {file = "grpcio_tools-1.36.1-cp27-cp27m-win32.whl", hash = "sha256:582b77e7a4905063d8071ac3685cefa38941799d5f4ea7b4519281a28cfc6752"},
    {file = "grpcio_tools-1.36.1-cp27-cp27m-win_amd64.whl", hash = "sha256:66d2a6237941199df0493e46b8a3123005b4dfde9af1b9572e8c54eb605a7567"},
    {file = "grpcio_tools-1.36.1-cp27-cp27mu-linux_armv7l.whl", hash = "sha256:702c3eb61a3cfddcaea04d2358c0390c2e189fe42b64a92239df8292366ab4df"},
    {file = "grpcio_tools-1.36.1-cp27-cp27mu-manylinux2010_i686.whl", hash = "sha256:ce621375bc7dfaeac93e23e202771a6e567a8ea7e9a7cc690b87d8b1950e3da6"},
    {file = "grpcio_tools-1.36.1-cp27-cp27mu-manylinux2010_x86_64.whl", hash = "sha256:ff1792b188183e977e2feccb1f3b3d4580f921df8f61385d7ae8eace10578a23"},
    {file = "grpcio_tools-1.36.1-cp35-cp35m-linux_armv7l.whl", hash = "sha256:a3a64797840fd4917ec98532d17b9b7c6a954dcfd7862657c750255556d369a5"},
    {file = "grpcio_tools-1.36.1-cp35-cp35m-macosx_10_10_intel.whl", hash = "sha256:0873697064cdbb116ba9f88ff524e13e9afd78bf7905ecd6a0f0f743bf40ca64"},
    {file = "grpcio_tools-1.36.1-cp35-cp35m-manylinux2010_i686.whl", hash = "sha256:6df49b402f387decaaf57784c3e74bea6f34cf446cc45d4bf7b9adb34f97fb20"},
    {file = "grpcio_tools-1.36.1-cp35-cp35m-manylinux2010_x86_64.whl", hash = "sha256:aec997dafa90a29b399bdb23d968ab43da223faeac005d384a1194f43ee0f46e"},
    {file = "grpcio_tools-1.36.1-cp35-cp35m-manylinux2014_i686.whl", hash = "sha256:92336c60db1052c865ab7c9936680187d16d2f565c470ba03199e817120714e8"},
    {file = "grpcio_tools-1.36.1-cp35-cp35m-manylinux2014_x86_64.whl", hash = "sha256:bbe8da70ccbe21c72599eb8de5ad26bd053c01f4f03c48ea16323f96f1ec7095"},
    {file = "grpcio_tools-1.36.1-cp35-cp35m-win32.whl", hash = "sha256:96e1c0d267eb03b819a31bcf973579220ec3b8b53178952daa9e2f1ad696783f"},
    {file = "grpcio_tools-1.36.1-cp35-cp35m-win_amd64.whl", hash = "sha256:f4326b1a5352e85480629bf888b132f0aec79bb791d29cd3e2322586cd70433a"},
    {file = "grpcio_tools-1.36.1-cp36-cp36m-linux_armv7l.whl", hash = "sha256:f2befead0395e8aaab1e8f76825c8c9fa93d69249a513c26107a55183f91ccd9"},
    {file = "grpcio_tools-1.36.1-cp36-cp36m-macosx_10_10_x86_64.whl", hash = "sha256:125859be6458e65e348c50ddb7a964ba48945d521af3f46ce35aca9a2b752296"},
    {file = "grpcio_tools-1.36.1-cp36-cp36m-manylinux2010_i686.whl", hash = "sha256:c669f1ee5642631ad93fa51d298306124d26bccc76ce63a3bc143ddcf01c58af"},
    {file = "grpcio_tools-1.36.1-cp36-cp36m-manylinux2010_x86_64.whl", hash = "sha256:693dc16a65b1766037fca8cddc173c0f45e79dd14e05d61128a30dbfd02f6503"},
    {file = "grpcio_tools-1.36.1-cp36-cp36m-manylinux2014_i686.whl", hash = "sha256:add07eb3c79478b003ac3af7b636275c37fa6bac56e6a29f79128bea09b37488"},
    {file = "grpcio_tools-1.36.1-cp36-cp36m-manylinux2014_x86_64.whl", hash = "sha256:747b547c487231a6325eda820d1d6a7c6080eda2cd1f68a7d4b2f8d9cc0a3e95"},
    {file = "grpcio_tools-1.36.1-cp36-cp36m-win32.whl", hash = "sha256:fd5eed43f5764209a95a58db82c064c1958525f30ad8ebb57df38dd2c9e86aa7"},
    {file = "grpcio_tools-1.36.1-cp36-cp36m-win_amd64.whl", hash = "sha256:bc6257b5533c66143f4f084aea3ae52c1c01f99997a8b81d2259d0cf083176b5"},
    {file = "grpcio_tools-1.36.1-cp37-cp37m-macosx_10_10_x86_64.whl", hash = "sha256:f35fad86d99743cc15fccf11ec74d8c9b76e997cd233dc1fd031457d3f0fd7fc"},
    {file = "grpcio_tools-1.36.1-cp37-cp37m-manylinux2010_i686.whl", hash = "sha256:dcdfe82237e7498eb49dd12751716c55d189a5e49b4bda0bb53f85acbe51bbb1"},
    {file = "grpcio_tools-1.36.1-cp37-cp37m-manylinux2010_x86_64.whl", hash = "sha256:d6b3c868c6ac15a0e288d3a5380ad5f01802cbbed8645333e496fa31ecea19af"},
    {file = "grpcio_tools-1.36.1-cp37-cp37m-manylinux2014_i686.whl", hash = "sha256:6898776449485feedb6d0fd98d3a36c8882c32a5603b86b2511e2557ee765d40"},
    {file = "grpcio_tools-1.36.1-cp37-cp37m-manylinux2014_x86_64.whl", hash = "sha256:6fee070c18be66a282ceb56245191dabf80986aee333e74d2fdea58118b452d4"},
    {file = "grpcio_tools-1.36.1-cp37-cp37m-win32.whl", hash = "sha256:55ed5c5de883defacd899123ba5a9f0077b7fb87d8f1778cb5996b4391604447"},
    {file = "grpcio_tools-1.36.1-cp37-cp37m-win_amd64.whl", hash = "sha256:f74f0c3eedc0de72c402e82bb1199ffe5e359ccdac70bf789d65444042a84f42"},
    {file = "grpcio_tools-1.36.1-cp38-cp38-macosx_10_10_x86_64.whl", hash = "sha256:93e3ba4696b69fc4356a0823ecddd8b29ebb1fba0571f27574b1182ef5c262f6"},
    {file = "grpcio_tools-1.36.1-cp38-cp38-manylinux2010_i686.whl", hash = "sha256:e730845677e45c6829d212be6e4fb69768979c3b35b5884293be02a7f436e18c"},
    {file = "grpcio_tools-1.36.1-cp38-cp38-manylinux2010_x86_64.whl", hash = "sha256:f7ba8d631f8f5c089958285545bd9e307fd752cdd1fa31515a51cfc1e04b833d"},
    {file = "grpcio_tools-1.36.1-cp38-cp38-manylinux2014_i686.whl", hash = "sha256:af392594ba30b5ee470b7538cf792df970e2097edc299685d8e0d76b2b1bef7b"},
    {file = "grpcio_tools-1.36.1-cp38-cp38-manylinux2014_x86_64.whl", hash = "sha256:facda541209a0b0edfccf6a5b18ce344c4e90bc8950c995482c85936a23ba939"},
    {file = "grpcio_tools-1.36.1-cp38-cp38-win32.whl", hash = "sha256:9fa491aaccd455e3aec35d12bcef5dce307c674f08e98bbbf33bf6774e6e2ec5"},
    {file = "grpcio_tools-1.36.1-cp38-cp38-win_amd64.whl", hash = "sha256:76900dde111192900c6eb5ed491cf0d8a13403e502c74859f2e2c3116842668a"},
    {file = "grpcio_tools-1.36.1-cp39-cp39-macosx_10_10_x86_64.whl", hash = "sha256:0a7b85758e44d9585f27fc7692b58e63952a2e9130cfbbd16defda8c2ffbb2ad"},
    {file = "grpcio_tools-1.36.1-cp39-cp39-manylinux2010_i686.whl", hash = "sha256:9b8556e2938ef9437ef07d028b46198f299533497df878f96785502e6f74250d"},
    {file = "grpcio_tools-1.36.1-cp39-cp39-manylinux2010_x86_64.whl", hash = "sha256:cd44135fb8b45acc79424e7354bb4548911a6202ca2fac384574099f8d998f06"},
    {file = "grpcio_tools-1.36.1-cp39-cp39-manylinux2014_i686.whl", hash = "sha256:c02b5b6d185b1af86342381ddd1ad3d0482c4116e203e52a7145636fb1b2ad12"},
    {file = "grpcio_tools-1.36.1-cp39-cp39-manylinux2014_x86_64.whl", hash = "sha256:377cd9b8d2098d2ced48d3dee466fd73fb19128aa0edc6f1799077cf4dbda606"},
    {file = "grpcio_tools-1.36.1-cp39-cp39-win32.whl", hash = "sha256:120bad5a3f3288ae8acd07d839a13d7873304ae35a1d717033295e90ed9bd8ac"},
    {file = "grpcio_tools-1.36.1-cp39-cp39-win_amd64.whl", hash = "sha256:5cec989d219164312bdfa9389aedaea5887fb8133bb1a247fcde5901775b5427"},
]

[package.dependencies]
grpcio = ">=1.36.1"
protobuf = ">=3.5.0.post1,<4.0dev"
setuptools = "*"

[[package]]
name = "protobuf"
version = "3.15.7"
description = "Protocol Buffers"
optional = false
python-versions = "*"
groups = ["main", "dev"]
files = [
    {file = "protobuf-3.15.7-cp27-cp27m-macosx_10_9_x86_64.whl", hash = "sha256:a14141d5c967362d2eedff8825d2b69cc36a5b3ed6b1f618557a04e58a3cf787"},
    {file = "protobuf-3.15.7-cp27-cp27mu-manylinux1_x86_64.whl", hash = "sha256:d54d78f621852ec4fdd1484d1263ca04d4bf5ffdf7abffdbb939e444b6ff3385"},
    {file = "protobuf-3.15.7-cp35-cp35m-macosx_10_9_intel.whl", hash = "sha256:462085acdb410b06335315fe7e63cb281a1902856e0f4657f341c283cedc1d56"},
    {file = "protobuf-3.15.7-cp35-cp35m-manylinux1_x86_64.whl", hash = "sha256:849c92ce112e1ef648705c29ce044248e350f71d9d54a2026830623198f0bd38"},
    {file = "protobuf-3.15.7-cp35-cp35m-win32.whl", hash = "sha256:1f6083382f7714700deadf3014e921711e2f807de7f27e40c32b744701ae5b99"},
    {file = "protobuf-3.15.7-cp35-cp35m-win_amd64.whl", hash = "sha256:e17f60f00081adcb32068ee0bb51e418f6474acf83424244ff3512ffd2166385"},
    {file = "protobuf-3.15.7-cp36-cp36m-macosx_10_9_x86_64.whl", hash = "sha256:6c75e563c6fb2ca5b8f21dd75c15659aa2c4a0025b9da3a7711ae661cd6a488d"},
    {file = "protobuf-3.15.7-cp36-cp36m-manylinux1_x86_64.whl", hash = "sha256:d939f41b4108350841c4790ebbadb61729e1363522fdb8434eb4e6f2065d0db1"},
    {file = "protobuf-3.15.7-cp36-cp36m-win32.whl", hash = "sha256:24f14c09d4c0a3641f1b0e9b552d026361de65b01686fdd3e5fdf8f9512cd79b"},
    {file = "protobuf-3.15.7-cp36-cp36m-win_amd64.whl", hash = "sha256:1247170191bcb2a8d978d11a58afe391004ec6c2184e4d961baf8102d43ff500"},
    {file = "protobuf-3.15.7-cp37-cp37m-macosx_10_9_x86_64.whl", hash = "sha256:364cadaeec0756afdc099cbd88cb5659bd1bb7d547168d063abcb0272ccbb2f6"},
    {file = "protobuf-3.15.7-cp37-cp37m-manylinux1_x86_64.whl", hash = "sha256:0c3a6941b1e6e6e22d812a8e5c46bfe83082ea60d262a46f2cfb22d9b9fb17db"},
    {file = "protobuf-3.15.7-cp37-cp37m-win32.whl", hash = "sha256:eb5668f3f6a83b6603ca2e09be5b20de89521ea5914aabe032cce981e4129cc8"},
    {file = "protobuf-3.15.7-cp37-cp37m-win_amd64.whl", hash = "sha256:1001e671cf8476edce7fb72778358d026390649cc35a79d47b2a291684ccfbb2"},
    {file = "protobuf-3.15.7-cp38-cp38-macosx_10_9_x86_64.whl", hash = "sha256:a5ba7dd6f97964655aa7b234c95d80886425a31b7010764f042cdeb985314d18"},
    {file = "protobuf-3.15.7-cp38-cp38-manylinux1_x86_64.whl", hash = "sha256:46674bd6fcf8c63b4b9869ba579685db67cf51ae966443dd6bd9a8fa00fcef62"},
    {file = "protobuf-3.15.7-cp39-cp39-macosx_10_9_x86_64.whl", hash = "sha256:4c4399156fb27e3768313b7a59352c861a893252bda6fb9f3643beb3ebb7047e"},
    {file = "protobuf-3.15.7-cp39-cp39-manylinux1_x86_64.whl", hash = "sha256:85cd29faf056036167d87445d5a5059034c298881c044e71a73d3b61a4be1c23"},
    {file = "protobuf-3.15.7-py2.py3-none-any.whl", hash = "sha256:22054432b923c0086f9cf1e1c0c52d39bf3c6e31014ea42eec2dabc22ee26d78"},
    {file = "protobuf-3.15.7.tar.gz", hash = "sha256:2d03fc2591543cd2456d0b72230b50c4519546a8d379ac6fd3ecd84c6df61e5d"},
]

[package.dependencies]
six = ">=1.9"

[[package]]
name = "setuptools"
version = "75.3.2"
description = "Easily download, build, install, upgrade, and uninstall Python packages"
optional = false
python-versions = ">=3.8"
groups = ["dev"]
files = [
    {file = "setuptools-75.3.2-py3-none-any.whl", hash = "sha256:90ab613b6583fc02d5369cbca13ea26ea0e182d1df2d943ee9cbe81d4c61add9"},
    {file = "setuptools-75.3.2.tar.gz", hash = "sha256:3c1383e1038b68556a382c1e8ded8887cd20141b0eb5708a6c8d277de49364f5"},
]

[package.extras]
check = ["pytest-checkdocs (>=2.4)", "pytest-ruff (>=0.2.1) ; sys_platform != \"cygwin\"", "ruff (>=0.5.2) ; sys_platform != \"cygwin\""]
core = ["importlib-metadata (>=6) ; python_version < \"3.10\"", "importlib-resources (>=5.10.2) ; python_version < \"3.9\"", "jaraco.collections", "jaraco.functools", "jaraco.text (>=3.7)", "more-itertools", "more-itertools (>=8.8)", "packaging", "packaging (>=24)", "platformdirs (>=4.2.2)", "tomli (>=2.0.1) ; python_version < \"3.11\"", "wheel (>=0.43.0)"]
cover = ["pytest-cov"]
doc = ["furo", "jaraco.packaging (>=9.3)", "jaraco.tidelift (>=1.4)", "pygments-github-lexers (==0.0.5)", "pyproject-hooks (!=1.1)", "rst.linker (>=1.9)", "sphinx (>=3.5)", "sphinx-favicon", "sphinx-inline-tabs", "sphinx-lint", "sphinx-notfound-page (>=1,<2)", "sphinx-reredirects", "sphinxcontrib-towncrier", "towncrier (<24.7)"]
enabler = ["pytest-enabler (>=2.2)"]
test = ["build[virtualenv] (>=1.0.3)", "filelock (>=3.4.0)", "ini2toml[lite] (>=0.14)", "jaraco.develop (>=7.21) ; python_version >= \"3.9\" and sys_platform != \"cygwin\"", "jaraco.envs (>=2.2)", "jaraco.path (>=3.2.0)", "jaraco.test (>=5.5)", "packaging (>=23.2)", "pip (>=19.1)", "pyproject-hooks (!=1.1)", "pytest (>=6,!=8.1.*)", "pytest-home (>=0.5)", "pytest-perf ; sys_platform != \"cygwin\"", "pytest-subprocess", "pytest-timeout", "pytest-xdist (>=3)", "ruff (<=0.7.1)", "tomli-w (>=1.0.0)", "virtualenv (>=13.0.0)", "wheel (>=0.44.0)"]
type = ["importlib-metadata (>=7.0.2) ; python_version < \"3.10\"", "jaraco.develop (>=7.21) ; sys_platform != \"cygwin\"", "mypy (==1.12.*)", "pytest-mypy"]

[[package]]
name = "six"
version = "1.15.0"
description = "Python 2 and 3 compatibility utilities"
optional = false
python-versions = ">=2.7, !=3.0.*, !=3.1.*, !=3.2.*"
groups = ["main", "dev"]
files = [
    {file = "six-1.15.0-py2.py3-none-any.whl", hash = "sha256:8b74bedcbbbaca38ff6d7491d76f2b06b3592611af620f8426e82dddb04a5ced"},
    {file = "six-1.15.0.tar.gz", hash = "sha256:30639c035cdb23534cd4aa2dd52c3bf48f06e5f4a941509c8bafd8ce11080259"},
]

[metadata]
lock-version = "2.1"
python-versions = "^3.8"
content-hash = "259fa736023f7928ec504fc01ac043d15b2ba99e16b7a215f9575759d4ef046c"
